// !$*UTF8*$!
{
	archiveVersion = 1;
	classes = {
	};
	objectVersion = 46;
	objects = {

/* Begin PBXBuildFile section */
		4FD6E7461EDEC819008CE231 /* ViewController5.swift in Sources */ = {isa = PBXBuildFile; fileRef = 4FD6E7451EDEC819008CE231 /* ViewController5.swift */; };
		DE04B1261EDEC61D002C070D /* AppDelegate.swift in Sources */ = {isa = PBXBuildFile; fileRef = DE04B1251EDEC61D002C070D /* AppDelegate.swift */; };
		DE04B1281EDEC61D002C070D /* ViewController.swift in Sources */ = {isa = PBXBuildFile; fileRef = DE04B1271EDEC61D002C070D /* ViewController.swift */; };
		DE04B12B1EDEC61D002C070D /* Main.storyboard in Resources */ = {isa = PBXBuildFile; fileRef = DE04B1291EDEC61D002C070D /* Main.storyboard */; };
		DE04B12D1EDEC61D002C070D /* Assets.xcassets in Resources */ = {isa = PBXBuildFile; fileRef = DE04B12C1EDEC61D002C070D /* Assets.xcassets */; };
		DE04B1301EDEC61D002C070D /* LaunchScreen.storyboard in Resources */ = {isa = PBXBuildFile; fileRef = DE04B12E1EDEC61D002C070D /* LaunchScreen.storyboard */; };
		DE04B13B1EDEC61D002C070D /* Momov3Tests.swift in Sources */ = {isa = PBXBuildFile; fileRef = DE04B13A1EDEC61D002C070D /* Momov3Tests.swift */; };
		DE04B1461EDEC61D002C070D /* Momov3UITests.swift in Sources */ = {isa = PBXBuildFile; fileRef = DE04B1451EDEC61D002C070D /* Momov3UITests.swift */; };
		DE04B1591EDEC657002C070D /* DesignButton.swift in Sources */ = {isa = PBXBuildFile; fileRef = DE04B1541EDEC657002C070D /* DesignButton.swift */; };
		DE04B15A1EDEC657002C070D /* DesignImageView.swift in Sources */ = {isa = PBXBuildFile; fileRef = DE04B1551EDEC657002C070D /* DesignImageView.swift */; };
		DE04B15B1EDEC657002C070D /* DesignLabel.swift in Sources */ = {isa = PBXBuildFile; fileRef = DE04B1561EDEC657002C070D /* DesignLabel.swift */; };
		DE04B15C1EDEC657002C070D /* DesignTextField.swift in Sources */ = {isa = PBXBuildFile; fileRef = DE04B1571EDEC657002C070D /* DesignTextField.swift */; };
		DE04B15D1EDEC657002C070D /* logo.jpg in Resources */ = {isa = PBXBuildFile; fileRef = DE04B1581EDEC657002C070D /* logo.jpg */; };
/* End PBXBuildFile section */

/* Begin PBXContainerItemProxy section */
		DE04B1371EDEC61D002C070D /* PBXContainerItemProxy */ = {
			isa = PBXContainerItemProxy;
			containerPortal = DE04B11A1EDEC61C002C070D /* Project object */;
			proxyType = 1;
			remoteGlobalIDString = DE04B1211EDEC61C002C070D;
			remoteInfo = Momov3;
		};
		DE04B1421EDEC61D002C070D /* PBXContainerItemProxy */ = {
			isa = PBXContainerItemProxy;
			containerPortal = DE04B11A1EDEC61C002C070D /* Project object */;
			proxyType = 1;
			remoteGlobalIDString = DE04B1211EDEC61C002C070D;
			remoteInfo = Momov3;
		};
/* End PBXContainerItemProxy section */

/* Begin PBXFileReference section */
		4FD6E7451EDEC819008CE231 /* ViewController5.swift */ = {isa = PBXFileReference; fileEncoding = 4; lastKnownFileType = sourcecode.swift; path = ViewController5.swift; sourceTree = "<group>"; };
		DE04B1221EDEC61C002C070D /* Momov3.app */ = {isa = PBXFileReference; explicitFileType = wrapper.application; includeInIndex = 0; path = Momov3.app; sourceTree = BUILT_PRODUCTS_DIR; };
		DE04B1251EDEC61D002C070D /* AppDelegate.swift */ = {isa = PBXFileReference; lastKnownFileType = sourcecode.swift; path = AppDelegate.swift; sourceTree = "<group>"; };
		DE04B1271EDEC61D002C070D /* ViewController.swift */ = {isa = PBXFileReference; lastKnownFileType = sourcecode.swift; path = ViewController.swift; sourceTree = "<group>"; };
		DE04B12A1EDEC61D002C070D /* Base */ = {isa = PBXFileReference; lastKnownFileType = file.storyboard; name = Base; path = Base.lproj/Main.storyboard; sourceTree = "<group>"; };
		DE04B12C1EDEC61D002C070D /* Assets.xcassets */ = {isa = PBXFileReference; lastKnownFileType = folder.assetcatalog; path = Assets.xcassets; sourceTree = "<group>"; };
		DE04B12F1EDEC61D002C070D /* Base */ = {isa = PBXFileReference; lastKnownFileType = file.storyboard; name = Base; path = Base.lproj/LaunchScreen.storyboard; sourceTree = "<group>"; };
		DE04B1311EDEC61D002C070D /* Info.plist */ = {isa = PBXFileReference; lastKnownFileType = text.plist.xml; path = Info.plist; sourceTree = "<group>"; };
		DE04B1361EDEC61D002C070D /* Momov3Tests.xctest */ = {isa = PBXFileReference; explicitFileType = wrapper.cfbundle; includeInIndex = 0; path = Momov3Tests.xctest; sourceTree = BUILT_PRODUCTS_DIR; };
		DE04B13A1EDEC61D002C070D /* Momov3Tests.swift */ = {isa = PBXFileReference; lastKnownFileType = sourcecode.swift; path = Momov3Tests.swift; sourceTree = "<group>"; };
		DE04B13C1EDEC61D002C070D /* Info.plist */ = {isa = PBXFileReference; lastKnownFileType = text.plist.xml; path = Info.plist; sourceTree = "<group>"; };
		DE04B1411EDEC61D002C070D /* Momov3UITests.xctest */ = {isa = PBXFileReference; explicitFileType = wrapper.cfbundle; includeInIndex = 0; path = Momov3UITests.xctest; sourceTree = BUILT_PRODUCTS_DIR; };
		DE04B1451EDEC61D002C070D /* Momov3UITests.swift */ = {isa = PBXFileReference; lastKnownFileType = sourcecode.swift; path = Momov3UITests.swift; sourceTree = "<group>"; };
		DE04B1471EDEC61D002C070D /* Info.plist */ = {isa = PBXFileReference; lastKnownFileType = text.plist.xml; path = Info.plist; sourceTree = "<group>"; };
		DE04B1541EDEC657002C070D /* DesignButton.swift */ = {isa = PBXFileReference; fileEncoding = 4; lastKnownFileType = sourcecode.swift; path = DesignButton.swift; sourceTree = "<group>"; };
		DE04B1551EDEC657002C070D /* DesignImageView.swift */ = {isa = PBXFileReference; fileEncoding = 4; lastKnownFileType = sourcecode.swift; path = DesignImageView.swift; sourceTree = "<group>"; };
		DE04B1561EDEC657002C070D /* DesignLabel.swift */ = {isa = PBXFileReference; fileEncoding = 4; lastKnownFileType = sourcecode.swift; path = DesignLabel.swift; sourceTree = "<group>"; };
		DE04B1571EDEC657002C070D /* DesignTextField.swift */ = {isa = PBXFileReference; fileEncoding = 4; lastKnownFileType = sourcecode.swift; path = DesignTextField.swift; sourceTree = "<group>"; };
		DE04B1581EDEC657002C070D /* logo.jpg */ = {isa = PBXFileReference; lastKnownFileType = image.jpeg; path = logo.jpg; sourceTree = "<group>"; };
/* End PBXFileReference section */

/* Begin PBXFrameworksBuildPhase section */
		DE04B11F1EDEC61C002C070D /* Frameworks */ = {
			isa = PBXFrameworksBuildPhase;
			buildActionMask = 2147483647;
			files = (
			);
			runOnlyForDeploymentPostprocessing = 0;
		};
		DE04B1331EDEC61D002C070D /* Frameworks */ = {
			isa = PBXFrameworksBuildPhase;
			buildActionMask = 2147483647;
			files = (
			);
			runOnlyForDeploymentPostprocessing = 0;
		};
		DE04B13E1EDEC61D002C070D /* Frameworks */ = {
			isa = PBXFrameworksBuildPhase;
			buildActionMask = 2147483647;
			files = (
			);
			runOnlyForDeploymentPostprocessing = 0;
		};
/* End PBXFrameworksBuildPhase section */

/* Begin PBXGroup section */
		DE04B1191EDEC61C002C070D = {
			isa = PBXGroup;
			children = (
				DE04B1241EDEC61D002C070D /* Momov3 */,
				DE04B1391EDEC61D002C070D /* Momov3Tests */,
				DE04B1441EDEC61D002C070D /* Momov3UITests */,
				DE04B1231EDEC61C002C070D /* Products */,
			);
			sourceTree = "<group>";
		};
		DE04B1231EDEC61C002C070D /* Products */ = {
			isa = PBXGroup;
			children = (
				DE04B1221EDEC61C002C070D /* Momov3.app */,
				DE04B1361EDEC61D002C070D /* Momov3Tests.xctest */,
				DE04B1411EDEC61D002C070D /* Momov3UITests.xctest */,
			);
			name = Products;
			sourceTree = "<group>";
		};
		DE04B1241EDEC61D002C070D /* Momov3 */ = {
			isa = PBXGroup;
			children = (
				DE04B1251EDEC61D002C070D /* AppDelegate.swift */,
				DE04B1271EDEC61D002C070D /* ViewController.swift */,
				DE04B1291EDEC61D002C070D /* Main.storyboard */,
				DE04B12C1EDEC61D002C070D /* Assets.xcassets */,
				DE04B1531EDEC628002C070D /* support */,
				DE04B12E1EDEC61D002C070D /* LaunchScreen.storyboard */,
				DE04B1311EDEC61D002C070D /* Info.plist */,
				4FD6E7451EDEC819008CE231 /* ViewController5.swift */,
			);
			path = Momov3;
			sourceTree = "<group>";
		};
		DE04B1391EDEC61D002C070D /* Momov3Tests */ = {
			isa = PBXGroup;
			children = (
				DE04B13A1EDEC61D002C070D /* Momov3Tests.swift */,
				DE04B13C1EDEC61D002C070D /* Info.plist */,
			);
			path = Momov3Tests;
			sourceTree = "<group>";
		};
		DE04B1441EDEC61D002C070D /* Momov3UITests */ = {
			isa = PBXGroup;
			children = (
				DE04B1451EDEC61D002C070D /* Momov3UITests.swift */,
				DE04B1471EDEC61D002C070D /* Info.plist */,
			);
			path = Momov3UITests;
			sourceTree = "<group>";
		};
		DE04B1531EDEC628002C070D /* support */ = {
			isa = PBXGroup;
			children = (
				DE04B1541EDEC657002C070D /* DesignButton.swift */,
				DE04B1551EDEC657002C070D /* DesignImageView.swift */,
				DE04B1561EDEC657002C070D /* DesignLabel.swift */,
				DE04B1571EDEC657002C070D /* DesignTextField.swift */,
				DE04B1581EDEC657002C070D /* logo.jpg */,
			);
			name = support;
			sourceTree = "<group>";
		};
/* End PBXGroup section */

/* Begin PBXNativeTarget section */
		DE04B1211EDEC61C002C070D /* Momov3 */ = {
			isa = PBXNativeTarget;
			buildConfigurationList = DE04B14A1EDEC61D002C070D /* Build configuration list for PBXNativeTarget "Momov3" */;
			buildPhases = (
				DE04B11E1EDEC61C002C070D /* Sources */,
				DE04B11F1EDEC61C002C070D /* Frameworks */,
				DE04B1201EDEC61C002C070D /* Resources */,
			);
			buildRules = (
			);
			dependencies = (
			);
			name = Momov3;
			productName = Momov3;
			productReference = DE04B1221EDEC61C002C070D /* Momov3.app */;
			productType = "com.apple.product-type.application";
		};
		DE04B1351EDEC61D002C070D /* Momov3Tests */ = {
			isa = PBXNativeTarget;
			buildConfigurationList = DE04B14D1EDEC61D002C070D /* Build configuration list for PBXNativeTarget "Momov3Tests" */;
			buildPhases = (
				DE04B1321EDEC61D002C070D /* Sources */,
				DE04B1331EDEC61D002C070D /* Frameworks */,
				DE04B1341EDEC61D002C070D /* Resources */,
			);
			buildRules = (
			);
			dependencies = (
				DE04B1381EDEC61D002C070D /* PBXTargetDependency */,
			);
			name = Momov3Tests;
			productName = Momov3Tests;
			productReference = DE04B1361EDEC61D002C070D /* Momov3Tests.xctest */;
			productType = "com.apple.product-type.bundle.unit-test";
		};
		DE04B1401EDEC61D002C070D /* Momov3UITests */ = {
			isa = PBXNativeTarget;
			buildConfigurationList = DE04B1501EDEC61D002C070D /* Build configuration list for PBXNativeTarget "Momov3UITests" */;
			buildPhases = (
				DE04B13D1EDEC61D002C070D /* Sources */,
				DE04B13E1EDEC61D002C070D /* Frameworks */,
				DE04B13F1EDEC61D002C070D /* Resources */,
			);
			buildRules = (
			);
			dependencies = (
				DE04B1431EDEC61D002C070D /* PBXTargetDependency */,
			);
			name = Momov3UITests;
			productName = Momov3UITests;
			productReference = DE04B1411EDEC61D002C070D /* Momov3UITests.xctest */;
			productType = "com.apple.product-type.bundle.ui-testing";
		};
/* End PBXNativeTarget section */

/* Begin PBXProject section */
		DE04B11A1EDEC61C002C070D /* Project object */ = {
			isa = PBXProject;
			attributes = {
				LastSwiftUpdateCheck = 0730;
				LastUpgradeCheck = 0730;
				ORGANIZATIONNAME = cusc;
				TargetAttributes = {
					DE04B1211EDEC61C002C070D = {
						CreatedOnToolsVersion = 7.3.1;
					};
					DE04B1351EDEC61D002C070D = {
						CreatedOnToolsVersion = 7.3.1;
						TestTargetID = DE04B1211EDEC61C002C070D;
					};
					DE04B1401EDEC61D002C070D = {
						CreatedOnToolsVersion = 7.3.1;
						TestTargetID = DE04B1211EDEC61C002C070D;
					};
				};
			};
			buildConfigurationList = DE04B11D1EDEC61C002C070D /* Build configuration list for PBXProject "Momov3" */;
			compatibilityVersion = "Xcode 3.2";
			developmentRegion = English;
			hasScannedForEncodings = 0;
			knownRegions = (
				en,
				Base,
			);
			mainGroup = DE04B1191EDEC61C002C070D;
			productRefGroup = DE04B1231EDEC61C002C070D /* Products */;
			projectDirPath = "";
			projectRoot = "";
			targets = (
				DE04B1211EDEC61C002C070D /* Momov3 */,
				DE04B1351EDEC61D002C070D /* Momov3Tests */,
				DE04B1401EDEC61D002C070D /* Momov3UITests */,
			);
		};
/* End PBXProject section */

/* Begin PBXResourcesBuildPhase section */
		DE04B1201EDEC61C002C070D /* Resources */ = {
			isa = PBXResourcesBuildPhase;
			buildActionMask = 2147483647;
			files = (
				DE04B15D1EDEC657002C070D /* logo.jpg in Resources */,
				DE04B1301EDEC61D002C070D /* LaunchScreen.storyboard in Resources */,
				DE04B12D1EDEC61D002C070D /* Assets.xcassets in Resources */,
				DE04B12B1EDEC61D002C070D /* Main.storyboard in Resources */,
			);
			runOnlyForDeploymentPostprocessing = 0;
		};
		DE04B1341EDEC61D002C070D /* Resources */ = {
			isa = PBXResourcesBuildPhase;
			buildActionMask = 2147483647;
			files = (
			);
			runOnlyForDeploymentPostprocessing = 0;
		};
		DE04B13F1EDEC61D002C070D /* Resources */ = {
			isa = PBXResourcesBuildPhase;
			buildActionMask = 2147483647;
			files = (
			);
			runOnlyForDeploymentPostprocessing = 0;
		};
/* End PBXResourcesBuildPhase section */

/* Begin PBXSourcesBuildPhase section */
		DE04B11E1EDEC61C002C070D /* Sources */ = {
			isa = PBXSourcesBuildPhase;
			buildActionMask = 2147483647;
			files = (
				DE04B15A1EDEC657002C070D /* DesignImageView.swift in Sources */,
				DE04B15B1EDEC657002C070D /* DesignLabel.swift in Sources */,
				DE04B1591EDEC657002C070D /* DesignButton.swift in Sources */,
				DE04B1281EDEC61D002C070D /* ViewController.swift in Sources */,
				DE04B1261EDEC61D002C070D /* AppDelegate.swift in Sources */,
				DE04B15C1EDEC657002C070D /* DesignTextField.swift in Sources */,
				4FD6E7461EDEC819008CE231 /* ViewController5.swift in Sources */,
			);
			runOnlyForDeploymentPostprocessing = 0;
		};
		DE04B1321EDEC61D002C070D /* Sources */ = {
			isa = PBXSourcesBuildPhase;
			buildActionMask = 2147483647;
			files = (
				DE04B13B1EDEC61D002C070D /* Momov3Tests.swift in Sources */,
			);
			runOnlyForDeploymentPostprocessing = 0;
		};
		DE04B13D1EDEC61D002C070D /* Sources */ = {
			isa = PBXSourcesBuildPhase;
			buildActionMask = 2147483647;
			files = (
				DE04B1461EDEC61D002C070D /* Momov3UITests.swift in Sources */,
			);
			runOnlyForDeploymentPostprocessing = 0;
		};
/* End PBXSourcesBuildPhase section */

/* Begin PBXTargetDependency section */
		DE04B1381EDEC61D002C070D /* PBXTargetDependency */ = {
			isa = PBXTargetDependency;
			target = DE04B1211EDEC61C002C070D /* Momov3 */;
			targetProxy = DE04B1371EDEC61D002C070D /* PBXContainerItemProxy */;
		};
		DE04B1431EDEC61D002C070D /* PBXTargetDependency */ = {
			isa = PBXTargetDependency;
			target = DE04B1211EDEC61C002C070D /* Momov3 */;
			targetProxy = DE04B1421EDEC61D002C070D /* PBXContainerItemProxy */;
		};
/* End PBXTargetDependency section */

/* Begin PBXVariantGroup section */
		DE04B1291EDEC61D002C070D /* Main.storyboard */ = {
			isa = PBXVariantGroup;
			children = (
				DE04B12A1EDEC61D002C070D /* Base */,
			);
			name = Main.storyboard;
			sourceTree = "<group>";
		};
		DE04B12E1EDEC61D002C070D /* LaunchScreen.storyboard */ = {
			isa = PBXVariantGroup;
			children = (
				DE04B12F1EDEC61D002C070D /* Base */,
			);
			name = LaunchScreen.storyboard;
			sourceTree = "<group>";
		};
/* End PBXVariantGroup section */

/* Begin XCBuildConfiguration section */
		DE04B1481EDEC61D002C070D /* Debug */ = {
			isa = XCBuildConfiguration;
			buildSettings = {
				ALWAYS_SEARCH_USER_PATHS = NO;
				CLANG_ANALYZER_NONNULL = YES;
				CLANG_CXX_LANGUAGE_STANDARD = "gnu++0x";
				CLANG_CXX_LIBRARY = "libc++";
				CLANG_ENABLE_MODULES = YES;
				CLANG_ENABLE_OBJC_ARC = YES;
				CLANG_WARN_BOOL_CONVERSION = YES;
				CLANG_WARN_CONSTANT_CONVERSION = YES;
				CLANG_WARN_DIRECT_OBJC_ISA_USAGE = YES_ERROR;
				CLANG_WARN_EMPTY_BODY = YES;
				CLANG_WARN_ENUM_CONVERSION = YES;
				CLANG_WARN_INT_CONVERSION = YES;
				CLANG_WARN_OBJC_ROOT_CLASS = YES_ERROR;
				CLANG_WARN_UNREACHABLE_CODE = YES;
				CLANG_WARN__DUPLICATE_METHOD_MATCH = YES;
				"CODE_SIGN_IDENTITY[sdk=iphoneos*]" = "iPhone Developer";
				COPY_PHASE_STRIP = NO;
				DEBUG_INFORMATION_FORMAT = dwarf;
				ENABLE_STRICT_OBJC_MSGSEND = YES;
				ENABLE_TESTABILITY = YES;
				GCC_C_LANGUAGE_STANDARD = gnu99;
				GCC_DYNAMIC_NO_PIC = NO;
				GCC_NO_COMMON_BLOCKS = YES;
				GCC_OPTIMIZATION_LEVEL = 0;
				GCC_PREPROCESSOR_DEFINITIONS = (
					"DEBUG=1",
					"$(inherited)",
				);
				GCC_WARN_64_TO_32_BIT_CONVERSION = YES;
				GCC_WARN_ABOUT_RETURN_TYPE = YES_ERROR;
				GCC_WARN_UNDECLARED_SELECTOR = YES;
				GCC_WARN_UNINITIALIZED_AUTOS = YES_AGGRESSIVE;
				GCC_WARN_UNUSED_FUNCTION = YES;
				GCC_WARN_UNUSED_VARIABLE = YES;
				IPHONEOS_DEPLOYMENT_TARGET = 9.3;
				MTL_ENABLE_DEBUG_INFO = YES;
				ONLY_ACTIVE_ARCH = YES;
				SDKROOT = iphoneos;
				SWIFT_OPTIMIZATION_LEVEL = "-Onone";
				TARGETED_DEVICE_FAMILY = "1,2";
			};
			name = Debug;
		};
		DE04B1491EDEC61D002C070D /* Release */ = {
			isa = XCBuildConfiguration;
			buildSettings = {
				ALWAYS_SEARCH_USER_PATHS = NO;
				CLANG_ANALYZER_NONNULL = YES;
				CLANG_CXX_LANGUAGE_STANDARD = "gnu++0x";
				CLANG_CXX_LIBRARY = "libc++";
				CLANG_ENABLE_MODULES = YES;
				CLANG_ENABLE_OBJC_ARC = YES;
				CLANG_WARN_BOOL_CONVERSION = YES;
				CLANG_WARN_CONSTANT_CONVERSION = YES;
				CLANG_WARN_DIRECT_OBJC_ISA_USAGE = YES_ERROR;
				CLANG_WARN_EMPTY_BODY = YES;
				CLANG_WARN_ENUM_CONVERSION = YES;
				CLANG_WARN_INT_CONVERSION = YES;
				CLANG_WARN_OBJC_ROOT_CLASS = YES_ERROR;
				CLANG_WARN_UNREACHABLE_CODE = YES;
				CLANG_WARN__DUPLICATE_METHOD_MATCH = YES;
				"CODE_SIGN_IDENTITY[sdk=iphoneos*]" = "iPhone Developer";
				COPY_PHASE_STRIP = NO;
				DEBUG_INFORMATION_FORMAT = "dwarf-with-dsym";
				ENABLE_NS_ASSERTIONS = NO;
				ENABLE_STRICT_OBJC_MSGSEND = YES;
				GCC_C_LANGUAGE_STANDARD = gnu99;
				GCC_NO_COMMON_BLOCKS = YES;
				GCC_WARN_64_TO_32_BIT_CONVERSION = YES;
				GCC_WARN_ABOUT_RETURN_TYPE = YES_ERROR;
				GCC_WARN_UNDECLARED_SELECTOR = YES;
				GCC_WARN_UNINITIALIZED_AUTOS = YES_AGGRESSIVE;
				GCC_WARN_UNUSED_FUNCTION = YES;
				GCC_WARN_UNUSED_VARIABLE = YES;
				IPHONEOS_DEPLOYMENT_TARGET = 9.3;
				MTL_ENABLE_DEBUG_INFO = NO;
				SDKROOT = iphoneos;
				TARGETED_DEVICE_FAMILY = "1,2";
				VALIDATE_PRODUCT = YES;
			};
			name = Release;
		};
		DE04B14B1EDEC61D002C070D /* Debug */ = {
			isa = XCBuildConfiguration;
			buildSettings = {
				ASSETCATALOG_COMPILER_APPICON_NAME = AppIcon;
				INFOPLIST_FILE = Momov3/Info.plist;
				LD_RUNPATH_SEARCH_PATHS = "$(inherited) @executable_path/Frameworks";
				PRODUCT_BUNDLE_IDENTIFIER = cusc.Momov3;
				PRODUCT_NAME = "$(TARGET_NAME)";
			};
			name = Debug;
		};
		DE04B14C1EDEC61D002C070D /* Release */ = {
			isa = XCBuildConfiguration;
			buildSettings = {
				ASSETCATALOG_COMPILER_APPICON_NAME = AppIcon;
				INFOPLIST_FILE = Momov3/Info.plist;
				LD_RUNPATH_SEARCH_PATHS = "$(inherited) @executable_path/Frameworks";
				PRODUCT_BUNDLE_IDENTIFIER = cusc.Momov3;
				PRODUCT_NAME = "$(TARGET_NAME)";
			};
			name = Release;
		};
		DE04B14E1EDEC61D002C070D /* Debug */ = {
			isa = XCBuildConfiguration;
			buildSettings = {
				BUNDLE_LOADER = "$(TEST_HOST)";
				INFOPLIST_FILE = Momov3Tests/Info.plist;
				LD_RUNPATH_SEARCH_PATHS = "$(inherited) @executable_path/Frameworks @loader_path/Frameworks";
				PRODUCT_BUNDLE_IDENTIFIER = cusc.Momov3Tests;
				PRODUCT_NAME = "$(TARGET_NAME)";
				TEST_HOST = "$(BUILT_PRODUCTS_DIR)/Momov3.app/Momov3";
			};
			name = Debug;
		};
		DE04B14F1EDEC61D002C070D /* Release */ = {
			isa = XCBuildConfiguration;
			buildSettings = {
				BUNDLE_LOADER = "$(TEST_HOST)";
				INFOPLIST_FILE = Momov3Tests/Info.plist;
				LD_RUNPATH_SEARCH_PATHS = "$(inherited) @executable_path/Frameworks @loader_path/Frameworks";
				PRODUCT_BUNDLE_IDENTIFIER = cusc.Momov3Tests;
				PRODUCT_NAME = "$(TARGET_NAME)";
				TEST_HOST = "$(BUILT_PRODUCTS_DIR)/Momov3.app/Momov3";
			};
			name = Release;
		};
		DE04B1511EDEC61D002C070D /* Debug */ = {
			isa = XCBuildConfiguration;
			buildSettings = {
				INFOPLIST_FILE = Momov3UITests/Info.plist;
				LD_RUNPATH_SEARCH_PATHS = "$(inherited) @executable_path/Frameworks @loader_path/Frameworks";
				PRODUCT_BUNDLE_IDENTIFIER = cusc.Momov3UITests;
				PRODUCT_NAME = "$(TARGET_NAME)";
				TEST_TARGET_NAME = Momov3;
			};
			name = Debug;
		};
		DE04B1521EDEC61D002C070D /* Release */ = {
			isa = XCBuildConfiguration;
			buildSettings = {
				INFOPLIST_FILE = Momov3UITests/Info.plist;
				LD_RUNPATH_SEARCH_PATHS = "$(inherited) @executable_path/Frameworks @loader_path/Frameworks";
				PRODUCT_BUNDLE_IDENTIFIER = cusc.Momov3UITests;
				PRODUCT_NAME = "$(TARGET_NAME)";
				TEST_TARGET_NAME = Momov3;
			};
			name = Release;
		};
/* End XCBuildConfiguration section */

/* Begin XCConfigurationList section */
		DE04B11D1EDEC61C002C070D /* Build configuration list for PBXProject "Momov3" */ = {
			isa = XCConfigurationList;
			buildConfigurations = (
				DE04B1481EDEC61D002C070D /* Debug */,
				DE04B1491EDEC61D002C070D /* Release */,
			);
			defaultConfigurationIsVisible = 0;
			defaultConfigurationName = Release;
		};
		DE04B14A1EDEC61D002C070D /* Build configuration list for PBXNativeTarget "Momov3" */ = {
			isa = XCConfigurationList;
			buildConfigurations = (
				DE04B14B1EDEC61D002C070D /* Debug */,
				DE04B14C1EDEC61D002C070D /* Release */,
			);
			defaultConfigurationIsVisible = 0;
			defaultConfigurationName = Release;
		};
		DE04B14D1EDEC61D002C070D /* Build configuration list for PBXNativeTarget "Momov3Tests" */ = {
			isa = XCConfigurationList;
			buildConfigurations = (
				DE04B14E1EDEC61D002C070D /* Debug */,
				DE04B14F1EDEC61D002C070D /* Release */,
			);
			defaultConfigurationIsVisible = 0;
			defaultConfigurationName = Release;
		};
		DE04B1501EDEC61D002C070D /* Build configuration list for PBXNativeTarget "Momov3UITests" */ = {
			isa = XCConfigurationList;
			buildConfigurations = (
				DE04B1511EDEC61D002C070D /* Debug */,
				DE04B1521EDEC61D002C070D /* Release */,
			);
			defaultConfigurationIsVisible = 0;
			defaultConfigurationName = Release;
		};
/* End XCConfigurationList section */
	};
	rootObject = DE04B11A1EDEC61C002C070D /* Project object */;
}
